# THIS IS AN AUTOGENERATED FILE. DO NOT EDIT THIS FILE DIRECTLY.
# yarn lockfile v1


"@tauri-apps/cli-darwin-arm64@2.6.1":
  version "2.6.1"
  resolved "https://registry.yarnpkg.com/@tauri-apps/cli-darwin-arm64/-/cli-darwin-arm64-2.6.1.tgz#25943beb28ca0811717f1ad0b06f80686358deb4"
  integrity sha512-67aVLeXcJrl9D+4xQLR8NCQYKXQyZB96Tai+uy53jOY0u+uKvFngjbSS9CmntILFhLWoueDxQj3Ws5OSvjekiA==

"@tauri-apps/cli-darwin-x64@2.6.1":
  version "2.6.1"
  resolved "https://registry.yarnpkg.com/@tauri-apps/cli-darwin-x64/-/cli-darwin-x64-2.6.1.tgz#ccfc9bf465657e5c3535e72d9890226292c698d4"
  integrity sha512-6mQp/VikM0pKVKau1p/NMVyGq1JakOFbk6YlCzwdd04OwmiDuVe9PTxzqcA/JnqWXEhSGlRKeyMXUxqifPBPYw==

"@tauri-apps/cli-linux-arm-gnueabihf@2.6.1":
  version "2.6.1"
  resolved "https://registry.yarnpkg.com/@tauri-apps/cli-linux-arm-gnueabihf/-/cli-linux-arm-gnueabihf-2.6.1.tgz#c4659e4204f29a82a85006fe7478b2519296e5f1"
  integrity sha512-iY9cr2k3h2nh6I0bExEWCOgWloN4q0p/evhfNBIAIly1kycy+xWHEsFj2WfzU31Ce8RkqxilPHNuCp36gDM+Yw==

"@tauri-apps/cli-linux-arm64-gnu@2.6.1":
  version "2.6.1"
  resolved "https://registry.yarnpkg.com/@tauri-apps/cli-linux-arm64-gnu/-/cli-linux-arm64-gnu-2.6.1.tgz#ac4a4284cbd51f0f1dcb173a55f846bd09d80772"
  integrity sha512-AT+SpHShi/uJipzj+A9kHPDUgZfzHYyl0B3/4UXYtHB9hQfQUmjh9wLadmx0ai/ESyJFxkJJK6FFRvxotQ3gIQ==

"@tauri-apps/cli-linux-arm64-musl@2.6.1":
  version "2.6.1"
  resolved "https://registry.yarnpkg.com/@tauri-apps/cli-linux-arm64-musl/-/cli-linux-arm64-musl-2.6.1.tgz#a7bd1c0c568c59369e6f29131a7e2b7e72dddbc6"
  integrity sha512-CCgE0uqcWTtU48TmK/J03h5x/hxi3PEc11ci3LQ9WqIE15btyhynNzDKbxKwOyDCMcfbDT+MweoiCPnely2ZRA==

"@tauri-apps/cli-linux-riscv64-gnu@2.6.1":
  version "2.6.1"
  resolved "https://registry.yarnpkg.com/@tauri-apps/cli-linux-riscv64-gnu/-/cli-linux-riscv64-gnu-2.6.1.tgz#edcf237b61e8749da25000c75731633edd4be38d"
  integrity sha512-2i3MYr2oKaJk7Tz2FZ+R5x8cV827CudvEXW6FzCER26pfx/PofH/55N7aRQf4+qPXi5O3T+3myq88nRerzHr6g==

"@tauri-apps/cli-linux-x64-gnu@2.6.1":
  version "2.6.1"
  resolved "https://registry.yarnpkg.com/@tauri-apps/cli-linux-x64-gnu/-/cli-linux-x64-gnu-2.6.1.tgz#a5da9f81bbe79034d01e8d01058c71dfa11c4d27"
  integrity sha512-of5i3FW1tjTXECtMdirQsQnVIzcKq1s5Cad9YLVa6agEnFnZbFU3rKQ6/Wfu5SZbjSiI7SBO1hksjIAq1vkVcg==

"@tauri-apps/cli-linux-x64-musl@2.6.1":
  version "2.6.1"
  resolved "https://registry.yarnpkg.com/@tauri-apps/cli-linux-x64-musl/-/cli-linux-x64-musl-2.6.1.tgz#35c37a8a8f5840f27c35e92ab1e7348981057d57"
  integrity sha512-QfAgg7VIlOrTa2X3fBLRp6ugbC5ZonSWgVhNCLDgHLp5Cga41XOi5qU7ZtZhjjCdcWNiE0DtBQmSb1YVhCp+SA==

"@tauri-apps/cli-win32-arm64-msvc@2.6.1":
  version "2.6.1"
  resolved "https://registry.yarnpkg.com/@tauri-apps/cli-win32-arm64-msvc/-/cli-win32-arm64-msvc-2.6.1.tgz#9b55a3807ef0da31e1f1778d059843267d80dcaa"
  integrity sha512-ee1h3jwamumGjLEXZA4VsSUcVWTtGpuvxy+nqFfu7wb2k6IcBrFEJGa6yXa7sQjuCAAorLfSIXGuDEJARqnpFw==

"@tauri-apps/cli-win32-ia32-msvc@2.6.1":
  version "2.6.1"
  resolved "https://registry.yarnpkg.com/@tauri-apps/cli-win32-ia32-msvc/-/cli-win32-ia32-msvc-2.6.1.tgz#3db9f40ea375912e448dfd1076cdcbc53e376e7f"
  integrity sha512-WEZVYekxuG9X9mFJEeJPHsSAl8sHOEEbJQriim+OziFbLA9pv/gfcRRqsbmEJL8uBC8GLTEOdUVolohwXk6S9g==

"@tauri-apps/cli-win32-x64-msvc@2.6.1":
  version "2.6.1"
  resolved "https://registry.yarnpkg.com/@tauri-apps/cli-win32-x64-msvc/-/cli-win32-x64-msvc-2.6.1.tgz#61769c8fad1fd78523d8f12287bf56457e19d308"
  integrity sha512-fBsjPqIIHaaQt7tnjIGmPHu5p/BNBVD4JfOhO3QqIVBzAb+W2bDyIQPdoDMI943soLr/+N10xeTiPu+3L74+dQ==

"@tauri-apps/cli@^2":
  version "2.6.1"
  resolved "https://registry.yarnpkg.com/@tauri-apps/cli/-/cli-2.6.1.tgz#146a5f75b0d07c4724adf32e9a39253e9827c423"
  integrity sha512-8NrwfZjeyKH1zwg+Xu4epx8WLjffoiW1Zs9CCFYCJns7uUghzudDm92o+8ROosg5Njlvp1GXBuIRsdrEwBsDhg==
  optionalDependencies:
    "@tauri-apps/cli-darwin-arm64" "2.6.1"
    "@tauri-apps/cli-darwin-x64" "2.6.1"
    "@tauri-apps/cli-linux-arm-gnueabihf" "2.6.1"
    "@tauri-apps/cli-linux-arm64-gnu" "2.6.1"
    "@tauri-apps/cli-linux-arm64-musl" "2.6.1"
    "@tauri-apps/cli-linux-riscv64-gnu" "2.6.1"
    "@tauri-apps/cli-linux-x64-gnu" "2.6.1"
    "@tauri-apps/cli-linux-x64-musl" "2.6.1"
    "@tauri-apps/cli-win32-arm64-msvc" "2.6.1"
    "@tauri-apps/cli-win32-ia32-msvc" "2.6.1"
    "@tauri-apps/cli-win32-x64-msvc" "2.6.1"
