# THIS IS AN AUTOGENERATED FILE. DO NOT EDIT THIS FILE DIRECTLY.
# yarn lockfile v1


"@tauri-apps/cli-win32-x64-msvc@2.6.1":
  version "2.6.1"
  resolved "https://registry.npmjs.org/@tauri-apps/cli-win32-x64-msvc/-/cli-win32-x64-msvc-2.6.1.tgz"
  integrity sha512-fBsjPqIIHaaQt7tnjIGmPHu5p/BNBVD4JfOhO3QqIVBzAb+W2bDyIQPdoDMI943soLr/+N10xeTiPu+3L74+dQ==

"@tauri-apps/cli@^2":
  version "2.6.1"
  resolved "https://registry.npmjs.org/@tauri-apps/cli/-/cli-2.6.1.tgz"
  integrity sha512-8NrwfZjeyKH1zwg+Xu4epx8WLjffoiW1Zs9CCFYCJns7uUghzudDm92o+8ROosg5Njlvp1GXBuIRsdrEwBsDhg==
  optionalDependencies:
    "@tauri-apps/cli-darwin-arm64" "2.6.1"
    "@tauri-apps/cli-darwin-x64" "2.6.1"
    "@tauri-apps/cli-linux-arm-gnueabihf" "2.6.1"
    "@tauri-apps/cli-linux-arm64-gnu" "2.6.1"
    "@tauri-apps/cli-linux-arm64-musl" "2.6.1"
    "@tauri-apps/cli-linux-riscv64-gnu" "2.6.1"
    "@tauri-apps/cli-linux-x64-gnu" "2.6.1"
    "@tauri-apps/cli-linux-x64-musl" "2.6.1"
    "@tauri-apps/cli-win32-arm64-msvc" "2.6.1"
    "@tauri-apps/cli-win32-ia32-msvc" "2.6.1"
    "@tauri-apps/cli-win32-x64-msvc" "2.6.1"
